
Microsoft Visual Studio Solution File, Format Version 12.00
# Visual Studio 15
VisualStudioVersion = 15.0.26124.0
MinimumVisualStudioVersion = 15.0.26124.0
Project("{2150E333-8FDC-42A3-9474-1A3956D46DE8}") = "Source", "Source", "{2A650FFC-A83B-40F3-ACE9-3D1605845445}"
EndProject
Project("{FAE04EC0-301F-11D3-BF4B-00C04F79EFBC}") = "Mana", "Source\Mana\Mana.csproj", "{425779AB-2C26-4BC3-B0BC-E32C1F7FB4F2}"
EndProject
Project("{FAE04EC0-301F-11D3-BF4B-00C04F79EFBC}") = "Mana.Engine", "Source\Mana.Engine\Mana.Engine.csproj", "{2E429357-0BAB-417D-87F2-D54A01528DD7}"
EndProject
Project("{FAE04EC0-301F-11D3-BF4B-00C04F79EFBC}") = "Mana.IMGUI", "Source\Mana.IMGUI\Mana.IMGUI.csproj", "{42FF9706-F6FD-4F49-8C4D-0D70C3B05BD1}"
EndProject
Project("{2150E333-8FDC-42A3-9474-1A3956D46DE8}") = "Examples", "Examples", "{4BE9803E-98F5-4011-9D6F-9F90D480EC15}"
EndProject
Project("{FAE04EC0-301F-11D3-BF4B-00C04F79EFBC}") = "Mana.Example.Basic", "Examples\Mana.Example.Basic\Mana.Example.Basic.csproj", "{A906F18D-3F86-4A2B-BCFD-F899C439D0B9}"
EndProject
Project("{2150E333-8FDC-42A3-9474-1A3956D46DE8}") = "Tests", "Tests", "{1F1ECFEB-85EC-4BAD-A9F2-071713038D9F}"
EndProject
Project("{FAE04EC0-301F-11D3-BF4B-00C04F79EFBC}") = "Mana.Tests", "Tests\Mana.Tests\Mana.Tests.csproj", "{650A0284-5A54-4039-A43F-706955D94A45}"
EndProject
Global
	GlobalSection(SolutionConfigurationPlatforms) = preSolution
		Debug|Any CPU = Debug|Any CPU
		Debug|x64 = Debug|x64
		Debug|x86 = Debug|x86
		Release|Any CPU = Release|Any CPU
		Release|x64 = Release|x64
		Release|x86 = Release|x86
	EndGlobalSection
	GlobalSection(SolutionProperties) = preSolution
		HideSolutionNode = FALSE
	EndGlobalSection
	GlobalSection(ProjectConfigurationPlatforms) = postSolution
		{425779AB-2C26-4BC3-B0BC-E32C1F7FB4F2}.Debug|Any CPU.ActiveCfg = Debug|Any CPU
		{425779AB-2C26-4BC3-B0BC-E32C1F7FB4F2}.Debug|Any CPU.Build.0 = Debug|Any CPU
		{425779AB-2C26-4BC3-B0BC-E32C1F7FB4F2}.Debug|x64.ActiveCfg = Debug|Any CPU
		{425779AB-2C26-4BC3-B0BC-E32C1F7FB4F2}.Debug|x64.Build.0 = Debug|Any CPU
		{425779AB-2C26-4BC3-B0BC-E32C1F7FB4F2}.Debug|x86.ActiveCfg = Debug|Any CPU
		{425779AB-2C26-4BC3-B0BC-E32C1F7FB4F2}.Debug|x86.Build.0 = Debug|Any CPU
		{425779AB-2C26-4BC3-B0BC-E32C1F7FB4F2}.Release|Any CPU.ActiveCfg = Release|Any CPU
		{425779AB-2C26-4BC3-B0BC-E32C1F7FB4F2}.Release|Any CPU.Build.0 = Release|Any CPU
		{425779AB-2C26-4BC3-B0BC-E32C1F7FB4F2}.Release|x64.ActiveCfg = Release|Any CPU
		{425779AB-2C26-4BC3-B0BC-E32C1F7FB4F2}.Release|x64.Build.0 = Release|Any CPU
		{425779AB-2C26-4BC3-B0BC-E32C1F7FB4F2}.Release|x86.ActiveCfg = Release|Any CPU
		{425779AB-2C26-4BC3-B0BC-E32C1F7FB4F2}.Release|x86.Build.0 = Release|Any CPU
		{2E429357-0BAB-417D-87F2-D54A01528DD7}.Debug|Any CPU.ActiveCfg = Debug|Any CPU
		{2E429357-0BAB-417D-87F2-D54A01528DD7}.Debug|Any CPU.Build.0 = Debug|Any CPU
		{2E429357-0BAB-417D-87F2-D54A01528DD7}.Debug|x64.ActiveCfg = Debug|Any CPU
		{2E429357-0BAB-417D-87F2-D54A01528DD7}.Debug|x64.Build.0 = Debug|Any CPU
		{2E429357-0BAB-417D-87F2-D54A01528DD7}.Debug|x86.ActiveCfg = Debug|Any CPU
		{2E429357-0BAB-417D-87F2-D54A01528DD7}.Debug|x86.Build.0 = Debug|Any CPU
		{2E429357-0BAB-417D-87F2-D54A01528DD7}.Release|Any CPU.ActiveCfg = Release|Any CPU
		{2E429357-0BAB-417D-87F2-D54A01528DD7}.Release|Any CPU.Build.0 = Release|Any CPU
		{2E429357-0BAB-417D-87F2-D54A01528DD7}.Release|x64.ActiveCfg = Release|Any CPU
		{2E429357-0BAB-417D-87F2-D54A01528DD7}.Release|x64.Build.0 = Release|Any CPU
		{2E429357-0BAB-417D-87F2-D54A01528DD7}.Release|x86.ActiveCfg = Release|Any CPU
		{2E429357-0BAB-417D-87F2-D54A01528DD7}.Release|x86.Build.0 = Release|Any CPU
		{42FF9706-F6FD-4F49-8C4D-0D70C3B05BD1}.Debug|Any CPU.ActiveCfg = Debug|Any CPU
		{42FF9706-F6FD-4F49-8C4D-0D70C3B05BD1}.Debug|Any CPU.Build.0 = Debug|Any CPU
		{42FF9706-F6FD-4F49-8C4D-0D70C3B05BD1}.Debug|x64.ActiveCfg = Debug|Any CPU
		{42FF9706-F6FD-4F49-8C4D-0D70C3B05BD1}.Debug|x64.Build.0 = Debug|Any CPU
		{42FF9706-F6FD-4F49-8C4D-0D70C3B05BD1}.Debug|x86.ActiveCfg = Debug|Any CPU
		{42FF9706-F6FD-4F49-8C4D-0D70C3B05BD1}.Debug|x86.Build.0 = Debug|Any CPU
		{42FF9706-F6FD-4F49-8C4D-0D70C3B05BD1}.Release|Any CPU.ActiveCfg = Release|Any CPU
		{42FF9706-F6FD-4F49-8C4D-0D70C3B05BD1}.Release|Any CPU.Build.0 = Release|Any CPU
		{42FF9706-F6FD-4F49-8C4D-0D70C3B05BD1}.Release|x64.ActiveCfg = Release|Any CPU
		{42FF9706-F6FD-4F49-8C4D-0D70C3B05BD1}.Release|x64.Build.0 = Release|Any CPU
		{42FF9706-F6FD-4F49-8C4D-0D70C3B05BD1}.Release|x86.ActiveCfg = Release|Any CPU
		{42FF9706-F6FD-4F49-8C4D-0D70C3B05BD1}.Release|x86.Build.0 = Release|Any CPU
		{A906F18D-3F86-4A2B-BCFD-F899C439D0B9}.Debug|Any CPU.ActiveCfg = Debug|Any CPU
		{A906F18D-3F86-4A2B-BCFD-F899C439D0B9}.Debug|Any CPU.Build.0 = Debug|Any CPU
		{A906F18D-3F86-4A2B-BCFD-F899C439D0B9}.Debug|x64.ActiveCfg = Debug|Any CPU
		{A906F18D-3F86-4A2B-BCFD-F899C439D0B9}.Debug|x64.Build.0 = Debug|Any CPU
		{A906F18D-3F86-4A2B-BCFD-F899C439D0B9}.Debug|x86.ActiveCfg = Debug|Any CPU
		{A906F18D-3F86-4A2B-BCFD-F899C439D0B9}.Debug|x86.Build.0 = Debug|Any CPU
		{A906F18D-3F86-4A2B-BCFD-F899C439D0B9}.Release|Any CPU.ActiveCfg = Release|Any CPU
		{A906F18D-3F86-4A2B-BCFD-F899C439D0B9}.Release|Any CPU.Build.0 = Release|Any CPU
		{A906F18D-3F86-4A2B-BCFD-F899C439D0B9}.Release|x64.ActiveCfg = Release|Any CPU
		{A906F18D-3F86-4A2B-BCFD-F899C439D0B9}.Release|x64.Build.0 = Release|Any CPU
		{A906F18D-3F86-4A2B-BCFD-F899C439D0B9}.Release|x86.ActiveCfg = Release|Any CPU
		{A906F18D-3F86-4A2B-BCFD-F899C439D0B9}.Release|x86.Build.0 = Release|Any CPU
		{650A0284-5A54-4039-A43F-706955D94A45}.Debug|Any CPU.ActiveCfg = Debug|Any CPU
		{650A0284-5A54-4039-A43F-706955D94A45}.Debug|Any CPU.Build.0 = Debug|Any CPU
		{650A0284-5A54-4039-A43F-706955D94A45}.Debug|x64.ActiveCfg = Debug|Any CPU
		{650A0284-5A54-4039-A43F-706955D94A45}.Debug|x64.Build.0 = Debug|Any CPU
		{650A0284-5A54-4039-A43F-706955D94A45}.Debug|x86.ActiveCfg = Debug|Any CPU
		{650A0284-5A54-4039-A43F-706955D94A45}.Debug|x86.Build.0 = Debug|Any CPU
		{650A0284-5A54-4039-A43F-706955D94A45}.Release|Any CPU.ActiveCfg = Release|Any CPU
		{650A0284-5A54-4039-A43F-706955D94A45}.Release|Any CPU.Build.0 = Release|Any CPU
		{650A0284-5A54-4039-A43F-706955D94A45}.Release|x64.ActiveCfg = Release|Any CPU
		{650A0284-5A54-4039-A43F-706955D94A45}.Release|x64.Build.0 = Release|Any CPU
		{650A0284-5A54-4039-A43F-706955D94A45}.Release|x86.ActiveCfg = Release|Any CPU
		{650A0284-5A54-4039-A43F-706955D94A45}.Release|x86.Build.0 = Release|Any CPU
	EndGlobalSection
	GlobalSection(NestedProjects) = preSolution
		{425779AB-2C26-4BC3-B0BC-E32C1F7FB4F2} = {2A650FFC-A83B-40F3-ACE9-3D1605845445}
		{2E429357-0BAB-417D-87F2-D54A01528DD7} = {2A650FFC-A83B-40F3-ACE9-3D1605845445}
		{42FF9706-F6FD-4F49-8C4D-0D70C3B05BD1} = {2A650FFC-A83B-40F3-ACE9-3D1605845445}
		{A906F18D-3F86-4A2B-BCFD-F899C439D0B9} = {4BE9803E-98F5-4011-9D6F-9F90D480EC15}
		{650A0284-5A54-4039-A43F-706955D94A45} = {1F1ECFEB-85EC-4BAD-A9F2-071713038D9F}
	EndGlobalSection
EndGlobal
