
Microsoft Visual Studio Solution File, Format Version 12.00
Project("{2150E333-8FDC-42A3-9474-1A3956D46DE8}") = "Source", "Source", "{A43022AD-B7C8-4B78-A26D-83B0CC31B34F}"
EndProject
Project("{FAE04EC0-301F-11D3-BF4B-00C04F79EFBC}") = "Mana", "Source\Mana\Mana.csproj", "{F7A3D1B3-D330-42D4-A42F-1BFA288277F2}"
EndProject
Project("{FAE04EC0-301F-11D3-BF4B-00C04F79EFBC}") = "Mana.IMGUI", "Source\Mana.IMGUI\Mana.IMGUI.csproj", "{670552E4-FABD-4031-84C5-B62CBC85EE5C}"
EndProject
Global
	GlobalSection(SolutionConfigurationPlatforms) = preSolution
		Debug|Any CPU = Debug|Any CPU
		Release|Any CPU = Release|Any CPU
	EndGlobalSection
	GlobalSection(NestedProjects) = preSolution
		{F7A3D1B3-D330-42D4-A42F-1BFA288277F2} = {A43022AD-B7C8-4B78-A26D-83B0CC31B34F}
		{670552E4-FABD-4031-84C5-B62CBC85EE5C} = {A43022AD-B7C8-4B78-A26D-83B0CC31B34F}
	EndGlobalSection
	GlobalSection(ProjectConfigurationPlatforms) = postSolution
		{F7A3D1B3-D330-42D4-A42F-1BFA288277F2}.Debug|Any CPU.ActiveCfg = Debug|Any CPU
		{F7A3D1B3-D330-42D4-A42F-1BFA288277F2}.Debug|Any CPU.Build.0 = Debug|Any CPU
		{F7A3D1B3-D330-42D4-A42F-1BFA288277F2}.Release|Any CPU.ActiveCfg = Release|Any CPU
		{F7A3D1B3-D330-42D4-A42F-1BFA288277F2}.Release|Any CPU.Build.0 = Release|Any CPU
		{670552E4-FABD-4031-84C5-B62CBC85EE5C}.Debug|Any CPU.ActiveCfg = Debug|Any CPU
		{670552E4-FABD-4031-84C5-B62CBC85EE5C}.Debug|Any CPU.Build.0 = Debug|Any CPU
		{670552E4-FABD-4031-84C5-B62CBC85EE5C}.Release|Any CPU.ActiveCfg = Release|Any CPU
		{670552E4-FABD-4031-84C5-B62CBC85EE5C}.Release|Any CPU.Build.0 = Release|Any CPU
	EndGlobalSection
EndGlobal
