
Microsoft Visual Studio Solution File, Format Version 12.00
Project("{2150E333-8FDC-42A3-9474-1A3956D46DE8}") = "Build", "Build", "{06094260-B1F2-4123-AD0A-B5746F17B2E4}"
ProjectSection(SolutionItems) = preProject
	Build\Common.props = Build\Common.props
	Build\Analysis.props = Build\Analysis.props
EndProjectSection
EndProject
Project("{2150E333-8FDC-42A3-9474-1A3956D46DE8}") = "Source", "Source", "{536DA936-0A6D-4337-AF48-87924113AAFF}"
EndProject
Project("{FAE04EC0-301F-11D3-BF4B-00C04F79EFBC}") = "Mana", "Source\Mana\Mana.csproj", "{729635F2-E70F-4385-B7E2-0C73FC80C609}"
EndProject
Project("{2150E333-8FDC-42A3-9474-1A3956D46DE8}") = "Examples", "Examples", "{548BCA19-F14C-4090-A1C0-7A175A83DA87}"
EndProject
Project("{FAE04EC0-301F-11D3-BF4B-00C04F79EFBC}") = "Mana.Example", "Examples\Mana.Example\Mana.Example.csproj", "{3BD529AD-495B-4F26-9DBC-A03A240AE10B}"
EndProject
Project("{FAE04EC0-301F-11D3-BF4B-00C04F79EFBC}") = "Mana.IMGUI", "Source\Mana.IMGUI\Mana.IMGUI.csproj", "{26B40385-4A5B-4308-9194-9B2926E1765D}"
EndProject
Global
	GlobalSection(SolutionConfigurationPlatforms) = preSolution
		Debug|Any CPU = Debug|Any CPU
		Release|Any CPU = Release|Any CPU
	EndGlobalSection
	GlobalSection(NestedProjects) = preSolution
		{729635F2-E70F-4385-B7E2-0C73FC80C609} = {536DA936-0A6D-4337-AF48-87924113AAFF}
		{3BD529AD-495B-4F26-9DBC-A03A240AE10B} = {548BCA19-F14C-4090-A1C0-7A175A83DA87}
		{26B40385-4A5B-4308-9194-9B2926E1765D} = {536DA936-0A6D-4337-AF48-87924113AAFF}
	EndGlobalSection
	GlobalSection(ProjectConfigurationPlatforms) = postSolution
		{729635F2-E70F-4385-B7E2-0C73FC80C609}.Debug|Any CPU.ActiveCfg = Debug|Any CPU
		{729635F2-E70F-4385-B7E2-0C73FC80C609}.Debug|Any CPU.Build.0 = Debug|Any CPU
		{729635F2-E70F-4385-B7E2-0C73FC80C609}.Release|Any CPU.ActiveCfg = Release|Any CPU
		{729635F2-E70F-4385-B7E2-0C73FC80C609}.Release|Any CPU.Build.0 = Release|Any CPU
		{3BD529AD-495B-4F26-9DBC-A03A240AE10B}.Release|Any CPU.ActiveCfg = Release|Any CPU
		{3BD529AD-495B-4F26-9DBC-A03A240AE10B}.Release|Any CPU.Build.0 = Release|Any CPU
		{3BD529AD-495B-4F26-9DBC-A03A240AE10B}.Debug|Any CPU.ActiveCfg = Debug|Any CPU
		{3BD529AD-495B-4F26-9DBC-A03A240AE10B}.Debug|Any CPU.Build.0 = Debug|Any CPU
		{26B40385-4A5B-4308-9194-9B2926E1765D}.Debug|Any CPU.ActiveCfg = Debug|Any CPU
		{26B40385-4A5B-4308-9194-9B2926E1765D}.Debug|Any CPU.Build.0 = Debug|Any CPU
		{26B40385-4A5B-4308-9194-9B2926E1765D}.Release|Any CPU.ActiveCfg = Release|Any CPU
		{26B40385-4A5B-4308-9194-9B2926E1765D}.Release|Any CPU.Build.0 = Release|Any CPU
	EndGlobalSection
EndGlobal
